
Microsoft Visual Studio Solution File, Format Version 12.00
Project("{FAE04EC0-301F-11D3-BF4B-00C04F79EFBC}") = "Year2015", "Year2015\Year2015.csproj", "{2323850B-4840-41BD-87BD-4BD42BA93FF0}"
EndProject
Project("{FAE04EC0-301F-11D3-BF4B-00C04F79EFBC}") = "Commons", "Commons\Commons.csproj", "{B67B981E-3C7A-49D6-AF4E-EC897F04CD8F}"
EndProject
Global
	GlobalSection(SolutionConfigurationPlatforms) = preSolution
		Debug|Any CPU = Debug|Any CPU
		Release|Any CPU = Release|Any CPU
	EndGlobalSection
	GlobalSection(ProjectConfigurationPlatforms) = postSolution
		{2323850B-4840-41BD-87BD-4BD42BA93FF0}.Debug|Any CPU.ActiveCfg = Debug|Any CPU
		{2323850B-4840-41BD-87BD-4BD42BA93FF0}.Debug|Any CPU.Build.0 = Debug|Any CPU
		{2323850B-4840-41BD-87BD-4BD42BA93FF0}.Release|Any CPU.ActiveCfg = Release|Any CPU
		{2323850B-4840-41BD-87BD-4BD42BA93FF0}.Release|Any CPU.Build.0 = Release|Any CPU
		{B67B981E-3C7A-49D6-AF4E-EC897F04CD8F}.Debug|Any CPU.ActiveCfg = Debug|Any CPU
		{B67B981E-3C7A-49D6-AF4E-EC897F04CD8F}.Debug|Any CPU.Build.0 = Debug|Any CPU
		{B67B981E-3C7A-49D6-AF4E-EC897F04CD8F}.Release|Any CPU.ActiveCfg = Release|Any CPU
		{B67B981E-3C7A-49D6-AF4E-EC897F04CD8F}.Release|Any CPU.Build.0 = Release|Any CPU
	EndGlobalSection
EndGlobal
